
Microsoft Visual Studio Solution File, Format Version 12.00
# Visual Studio 15
VisualStudioVersion = 15.0.28010.2046
MinimumVisualStudioVersion = 10.0.40219.1
Project("{FAE04EC0-301F-11D3-BF4B-00C04F79EFBC}") = "Sales.Android", "Sales\Sales.Android\Sales.Android.csproj", "{20721359-BBB7-4E65-AFCD-AA08146BCD4A}"
EndProject
Project("{FAE04EC0-301F-11D3-BF4B-00C04F79EFBC}") = "Sales.iOS", "Sales\Sales.iOS\Sales.iOS.csproj", "{8D5B9F5A-99A5-4BEB-9692-B37E6A0FDAD3}"
EndProject
Project("{FAE04EC0-301F-11D3-BF4B-00C04F79EFBC}") = "Sales", "Sales\Sales\Sales.csproj", "{32A22A6C-F9EA-4C76-8C6A-797C3538134E}"
EndProject
Project("{FAE04EC0-301F-11D3-BF4B-00C04F79EFBC}") = "Sales.Backend", "Sales.Backend\Sales.Backend.csproj", "{6013532E-0CFA-437B-AC7B-B418321B88A0}"
EndProject
Project("{FAE04EC0-301F-11D3-BF4B-00C04F79EFBC}") = "Sales.API", "Sales.API\Sales.API.csproj", "{620B1B9D-518D-4E34-9FC4-C2733B6EB106}"
EndProject
Project("{FAE04EC0-301F-11D3-BF4B-00C04F79EFBC}") = "Sales.Domain", "Sales.Domain\Sales.Domain.csproj", "{6179323D-960A-445B-AA1E-2A6FA0BCCF27}"
EndProject
Project("{FAE04EC0-301F-11D3-BF4B-00C04F79EFBC}") = "Sales.Common", "Sales.Common\Sales.Common.csproj", "{7D62E7C7-E9C1-48F2-8E3B-573F2E7B908F}"
EndProject
Global
	GlobalSection(SolutionConfigurationPlatforms) = preSolution
		Ad-Hoc|Any CPU = Ad-Hoc|Any CPU
		Ad-Hoc|iPhone = Ad-Hoc|iPhone
		Ad-Hoc|iPhoneSimulator = Ad-Hoc|iPhoneSimulator
		AppStore|Any CPU = AppStore|Any CPU
		AppStore|iPhone = AppStore|iPhone
		AppStore|iPhoneSimulator = AppStore|iPhoneSimulator
		Debug|Any CPU = Debug|Any CPU
		Debug|iPhone = Debug|iPhone
		Debug|iPhoneSimulator = Debug|iPhoneSimulator
		Release|Any CPU = Release|Any CPU
		Release|iPhone = Release|iPhone
		Release|iPhoneSimulator = Release|iPhoneSimulator
	EndGlobalSection
	GlobalSection(ProjectConfigurationPlatforms) = postSolution
		{20721359-BBB7-4E65-AFCD-AA08146BCD4A}.Ad-Hoc|Any CPU.ActiveCfg = Release|Any CPU
		{20721359-BBB7-4E65-AFCD-AA08146BCD4A}.Ad-Hoc|Any CPU.Build.0 = Release|Any CPU
		{20721359-BBB7-4E65-AFCD-AA08146BCD4A}.Ad-Hoc|Any CPU.Deploy.0 = Release|Any CPU
		{20721359-BBB7-4E65-AFCD-AA08146BCD4A}.Ad-Hoc|iPhone.ActiveCfg = Release|Any CPU
		{20721359-BBB7-4E65-AFCD-AA08146BCD4A}.Ad-Hoc|iPhone.Build.0 = Release|Any CPU
		{20721359-BBB7-4E65-AFCD-AA08146BCD4A}.Ad-Hoc|iPhone.Deploy.0 = Release|Any CPU
		{20721359-BBB7-4E65-AFCD-AA08146BCD4A}.Ad-Hoc|iPhoneSimulator.ActiveCfg = Release|Any CPU
		{20721359-BBB7-4E65-AFCD-AA08146BCD4A}.Ad-Hoc|iPhoneSimulator.Build.0 = Release|Any CPU
		{20721359-BBB7-4E65-AFCD-AA08146BCD4A}.Ad-Hoc|iPhoneSimulator.Deploy.0 = Release|Any CPU
		{20721359-BBB7-4E65-AFCD-AA08146BCD4A}.AppStore|Any CPU.ActiveCfg = Release|Any CPU
		{20721359-BBB7-4E65-AFCD-AA08146BCD4A}.AppStore|Any CPU.Build.0 = Release|Any CPU
		{20721359-BBB7-4E65-AFCD-AA08146BCD4A}.AppStore|Any CPU.Deploy.0 = Release|Any CPU
		{20721359-BBB7-4E65-AFCD-AA08146BCD4A}.AppStore|iPhone.ActiveCfg = Release|Any CPU
		{20721359-BBB7-4E65-AFCD-AA08146BCD4A}.AppStore|iPhone.Build.0 = Release|Any CPU
		{20721359-BBB7-4E65-AFCD-AA08146BCD4A}.AppStore|iPhone.Deploy.0 = Release|Any CPU
		{20721359-BBB7-4E65-AFCD-AA08146BCD4A}.AppStore|iPhoneSimulator.ActiveCfg = Release|Any CPU
		{20721359-BBB7-4E65-AFCD-AA08146BCD4A}.AppStore|iPhoneSimulator.Build.0 = Release|Any CPU
		{20721359-BBB7-4E65-AFCD-AA08146BCD4A}.AppStore|iPhoneSimulator.Deploy.0 = Release|Any CPU
		{20721359-BBB7-4E65-AFCD-AA08146BCD4A}.Debug|Any CPU.ActiveCfg = Debug|Any CPU
		{20721359-BBB7-4E65-AFCD-AA08146BCD4A}.Debug|Any CPU.Build.0 = Debug|Any CPU
		{20721359-BBB7-4E65-AFCD-AA08146BCD4A}.Debug|Any CPU.Deploy.0 = Debug|Any CPU
		{20721359-BBB7-4E65-AFCD-AA08146BCD4A}.Debug|iPhone.ActiveCfg = Debug|Any CPU
		{20721359-BBB7-4E65-AFCD-AA08146BCD4A}.Debug|iPhone.Build.0 = Debug|Any CPU
		{20721359-BBB7-4E65-AFCD-AA08146BCD4A}.Debug|iPhone.Deploy.0 = Debug|Any CPU
		{20721359-BBB7-4E65-AFCD-AA08146BCD4A}.Debug|iPhoneSimulator.ActiveCfg = Debug|Any CPU
		{20721359-BBB7-4E65-AFCD-AA08146BCD4A}.Debug|iPhoneSimulator.Build.0 = Debug|Any CPU
		{20721359-BBB7-4E65-AFCD-AA08146BCD4A}.Debug|iPhoneSimulator.Deploy.0 = Debug|Any CPU
		{20721359-BBB7-4E65-AFCD-AA08146BCD4A}.Release|Any CPU.ActiveCfg = Release|Any CPU
		{20721359-BBB7-4E65-AFCD-AA08146BCD4A}.Release|Any CPU.Build.0 = Release|Any CPU
		{20721359-BBB7-4E65-AFCD-AA08146BCD4A}.Release|Any CPU.Deploy.0 = Release|Any CPU
		{20721359-BBB7-4E65-AFCD-AA08146BCD4A}.Release|iPhone.ActiveCfg = Release|Any CPU
		{20721359-BBB7-4E65-AFCD-AA08146BCD4A}.Release|iPhone.Build.0 = Release|Any CPU
		{20721359-BBB7-4E65-AFCD-AA08146BCD4A}.Release|iPhone.Deploy.0 = Release|Any CPU
		{20721359-BBB7-4E65-AFCD-AA08146BCD4A}.Release|iPhoneSimulator.ActiveCfg = Release|Any CPU
		{20721359-BBB7-4E65-AFCD-AA08146BCD4A}.Release|iPhoneSimulator.Build.0 = Release|Any CPU
		{20721359-BBB7-4E65-AFCD-AA08146BCD4A}.Release|iPhoneSimulator.Deploy.0 = Release|Any CPU
		{8D5B9F5A-99A5-4BEB-9692-B37E6A0FDAD3}.Ad-Hoc|Any CPU.ActiveCfg = Ad-Hoc|iPhone
		{8D5B9F5A-99A5-4BEB-9692-B37E6A0FDAD3}.Ad-Hoc|Any CPU.Build.0 = Ad-Hoc|iPhone
		{8D5B9F5A-99A5-4BEB-9692-B37E6A0FDAD3}.Ad-Hoc|Any CPU.Deploy.0 = Ad-Hoc|iPhone
		{8D5B9F5A-99A5-4BEB-9692-B37E6A0FDAD3}.Ad-Hoc|iPhone.ActiveCfg = Ad-Hoc|iPhone
		{8D5B9F5A-99A5-4BEB-9692-B37E6A0FDAD3}.Ad-Hoc|iPhone.Build.0 = Ad-Hoc|iPhone
		{8D5B9F5A-99A5-4BEB-9692-B37E6A0FDAD3}.Ad-Hoc|iPhone.Deploy.0 = Ad-Hoc|iPhone
		{8D5B9F5A-99A5-4BEB-9692-B37E6A0FDAD3}.Ad-Hoc|iPhoneSimulator.ActiveCfg = Ad-Hoc|iPhoneSimulator
		{8D5B9F5A-99A5-4BEB-9692-B37E6A0FDAD3}.Ad-Hoc|iPhoneSimulator.Build.0 = Ad-Hoc|iPhoneSimulator
		{8D5B9F5A-99A5-4BEB-9692-B37E6A0FDAD3}.Ad-Hoc|iPhoneSimulator.Deploy.0 = Ad-Hoc|iPhoneSimulator
		{8D5B9F5A-99A5-4BEB-9692-B37E6A0FDAD3}.AppStore|Any CPU.ActiveCfg = AppStore|iPhone
		{8D5B9F5A-99A5-4BEB-9692-B37E6A0FDAD3}.AppStore|Any CPU.Build.0 = AppStore|iPhone
		{8D5B9F5A-99A5-4BEB-9692-B37E6A0FDAD3}.AppStore|Any CPU.Deploy.0 = AppStore|iPhone
		{8D5B9F5A-99A5-4BEB-9692-B37E6A0FDAD3}.AppStore|iPhone.ActiveCfg = AppStore|iPhone
		{8D5B9F5A-99A5-4BEB-9692-B37E6A0FDAD3}.AppStore|iPhone.Build.0 = AppStore|iPhone
		{8D5B9F5A-99A5-4BEB-9692-B37E6A0FDAD3}.AppStore|iPhone.Deploy.0 = AppStore|iPhone
		{8D5B9F5A-99A5-4BEB-9692-B37E6A0FDAD3}.AppStore|iPhoneSimulator.ActiveCfg = AppStore|iPhoneSimulator
		{8D5B9F5A-99A5-4BEB-9692-B37E6A0FDAD3}.AppStore|iPhoneSimulator.Build.0 = AppStore|iPhoneSimulator
		{8D5B9F5A-99A5-4BEB-9692-B37E6A0FDAD3}.AppStore|iPhoneSimulator.Deploy.0 = AppStore|iPhoneSimulator
		{8D5B9F5A-99A5-4BEB-9692-B37E6A0FDAD3}.Debug|Any CPU.ActiveCfg = Debug|iPhoneSimulator
		{8D5B9F5A-99A5-4BEB-9692-B37E6A0FDAD3}.Debug|Any CPU.Build.0 = Debug|iPhoneSimulator
		{8D5B9F5A-99A5-4BEB-9692-B37E6A0FDAD3}.Debug|Any CPU.Deploy.0 = Debug|iPhoneSimulator
		{8D5B9F5A-99A5-4BEB-9692-B37E6A0FDAD3}.Debug|iPhone.ActiveCfg = Debug|iPhone
		{8D5B9F5A-99A5-4BEB-9692-B37E6A0FDAD3}.Debug|iPhone.Build.0 = Debug|iPhone
		{8D5B9F5A-99A5-4BEB-9692-B37E6A0FDAD3}.Debug|iPhone.Deploy.0 = Debug|iPhone
		{8D5B9F5A-99A5-4BEB-9692-B37E6A0FDAD3}.Debug|iPhoneSimulator.ActiveCfg = Debug|iPhoneSimulator
		{8D5B9F5A-99A5-4BEB-9692-B37E6A0FDAD3}.Debug|iPhoneSimulator.Build.0 = Debug|iPhoneSimulator
		{8D5B9F5A-99A5-4BEB-9692-B37E6A0FDAD3}.Debug|iPhoneSimulator.Deploy.0 = Debug|iPhoneSimulator
		{8D5B9F5A-99A5-4BEB-9692-B37E6A0FDAD3}.Release|Any CPU.ActiveCfg = Release|iPhone
		{8D5B9F5A-99A5-4BEB-9692-B37E6A0FDAD3}.Release|Any CPU.Build.0 = Release|iPhone
		{8D5B9F5A-99A5-4BEB-9692-B37E6A0FDAD3}.Release|Any CPU.Deploy.0 = Release|iPhone
		{8D5B9F5A-99A5-4BEB-9692-B37E6A0FDAD3}.Release|iPhone.ActiveCfg = Release|iPhone
		{8D5B9F5A-99A5-4BEB-9692-B37E6A0FDAD3}.Release|iPhone.Build.0 = Release|iPhone
		{8D5B9F5A-99A5-4BEB-9692-B37E6A0FDAD3}.Release|iPhone.Deploy.0 = Release|iPhone
		{8D5B9F5A-99A5-4BEB-9692-B37E6A0FDAD3}.Release|iPhoneSimulator.ActiveCfg = Release|iPhoneSimulator
		{8D5B9F5A-99A5-4BEB-9692-B37E6A0FDAD3}.Release|iPhoneSimulator.Build.0 = Release|iPhoneSimulator
		{8D5B9F5A-99A5-4BEB-9692-B37E6A0FDAD3}.Release|iPhoneSimulator.Deploy.0 = Release|iPhoneSimulator
		{32A22A6C-F9EA-4C76-8C6A-797C3538134E}.Ad-Hoc|Any CPU.ActiveCfg = Debug|Any CPU
		{32A22A6C-F9EA-4C76-8C6A-797C3538134E}.Ad-Hoc|Any CPU.Build.0 = Debug|Any CPU
		{32A22A6C-F9EA-4C76-8C6A-797C3538134E}.Ad-Hoc|Any CPU.Deploy.0 = Debug|Any CPU
		{32A22A6C-F9EA-4C76-8C6A-797C3538134E}.Ad-Hoc|iPhone.ActiveCfg = Debug|Any CPU
		{32A22A6C-F9EA-4C76-8C6A-797C3538134E}.Ad-Hoc|iPhone.Build.0 = Debug|Any CPU
		{32A22A6C-F9EA-4C76-8C6A-797C3538134E}.Ad-Hoc|iPhone.Deploy.0 = Debug|Any CPU
		{32A22A6C-F9EA-4C76-8C6A-797C3538134E}.Ad-Hoc|iPhoneSimulator.ActiveCfg = Debug|Any CPU
		{32A22A6C-F9EA-4C76-8C6A-797C3538134E}.Ad-Hoc|iPhoneSimulator.Build.0 = Debug|Any CPU
		{32A22A6C-F9EA-4C76-8C6A-797C3538134E}.Ad-Hoc|iPhoneSimulator.Deploy.0 = Debug|Any CPU
		{32A22A6C-F9EA-4C76-8C6A-797C3538134E}.AppStore|Any CPU.ActiveCfg = Debug|Any CPU
		{32A22A6C-F9EA-4C76-8C6A-797C3538134E}.AppStore|Any CPU.Build.0 = Debug|Any CPU
		{32A22A6C-F9EA-4C76-8C6A-797C3538134E}.AppStore|Any CPU.Deploy.0 = Debug|Any CPU
		{32A22A6C-F9EA-4C76-8C6A-797C3538134E}.AppStore|iPhone.ActiveCfg = Debug|Any CPU
		{32A22A6C-F9EA-4C76-8C6A-797C3538134E}.AppStore|iPhone.Build.0 = Debug|Any CPU
		{32A22A6C-F9EA-4C76-8C6A-797C3538134E}.AppStore|iPhone.Deploy.0 = Debug|Any CPU
		{32A22A6C-F9EA-4C76-8C6A-797C3538134E}.AppStore|iPhoneSimulator.ActiveCfg = Debug|Any CPU
		{32A22A6C-F9EA-4C76-8C6A-797C3538134E}.AppStore|iPhoneSimulator.Build.0 = Debug|Any CPU
		{32A22A6C-F9EA-4C76-8C6A-797C3538134E}.AppStore|iPhoneSimulator.Deploy.0 = Debug|Any CPU
		{32A22A6C-F9EA-4C76-8C6A-797C3538134E}.Debug|Any CPU.ActiveCfg = Debug|Any CPU
		{32A22A6C-F9EA-4C76-8C6A-797C3538134E}.Debug|Any CPU.Build.0 = Debug|Any CPU
		{32A22A6C-F9EA-4C76-8C6A-797C3538134E}.Debug|Any CPU.Deploy.0 = Debug|Any CPU
		{32A22A6C-F9EA-4C76-8C6A-797C3538134E}.Debug|iPhone.ActiveCfg = Debug|Any CPU
		{32A22A6C-F9EA-4C76-8C6A-797C3538134E}.Debug|iPhone.Build.0 = Debug|Any CPU
		{32A22A6C-F9EA-4C76-8C6A-797C3538134E}.Debug|iPhone.Deploy.0 = Debug|Any CPU
		{32A22A6C-F9EA-4C76-8C6A-797C3538134E}.Debug|iPhoneSimulator.ActiveCfg = Debug|Any CPU
		{32A22A6C-F9EA-4C76-8C6A-797C3538134E}.Debug|iPhoneSimulator.Build.0 = Debug|Any CPU
		{32A22A6C-F9EA-4C76-8C6A-797C3538134E}.Debug|iPhoneSimulator.Deploy.0 = Debug|Any CPU
		{32A22A6C-F9EA-4C76-8C6A-797C3538134E}.Release|Any CPU.ActiveCfg = Release|Any CPU
		{32A22A6C-F9EA-4C76-8C6A-797C3538134E}.Release|Any CPU.Build.0 = Release|Any CPU
		{32A22A6C-F9EA-4C76-8C6A-797C3538134E}.Release|Any CPU.Deploy.0 = Release|Any CPU
		{32A22A6C-F9EA-4C76-8C6A-797C3538134E}.Release|iPhone.ActiveCfg = Release|Any CPU
		{32A22A6C-F9EA-4C76-8C6A-797C3538134E}.Release|iPhone.Build.0 = Release|Any CPU
		{32A22A6C-F9EA-4C76-8C6A-797C3538134E}.Release|iPhone.Deploy.0 = Release|Any CPU
		{32A22A6C-F9EA-4C76-8C6A-797C3538134E}.Release|iPhoneSimulator.ActiveCfg = Release|Any CPU
		{32A22A6C-F9EA-4C76-8C6A-797C3538134E}.Release|iPhoneSimulator.Build.0 = Release|Any CPU
		{32A22A6C-F9EA-4C76-8C6A-797C3538134E}.Release|iPhoneSimulator.Deploy.0 = Release|Any CPU
		{6013532E-0CFA-437B-AC7B-B418321B88A0}.Ad-Hoc|Any CPU.ActiveCfg = Release|Any CPU
		{6013532E-0CFA-437B-AC7B-B418321B88A0}.Ad-Hoc|Any CPU.Build.0 = Release|Any CPU
		{6013532E-0CFA-437B-AC7B-B418321B88A0}.Ad-Hoc|iPhone.ActiveCfg = Release|Any CPU
		{6013532E-0CFA-437B-AC7B-B418321B88A0}.Ad-Hoc|iPhone.Build.0 = Release|Any CPU
		{6013532E-0CFA-437B-AC7B-B418321B88A0}.Ad-Hoc|iPhoneSimulator.ActiveCfg = Release|Any CPU
		{6013532E-0CFA-437B-AC7B-B418321B88A0}.Ad-Hoc|iPhoneSimulator.Build.0 = Release|Any CPU
		{6013532E-0CFA-437B-AC7B-B418321B88A0}.AppStore|Any CPU.ActiveCfg = Release|Any CPU
		{6013532E-0CFA-437B-AC7B-B418321B88A0}.AppStore|Any CPU.Build.0 = Release|Any CPU
		{6013532E-0CFA-437B-AC7B-B418321B88A0}.AppStore|iPhone.ActiveCfg = Release|Any CPU
		{6013532E-0CFA-437B-AC7B-B418321B88A0}.AppStore|iPhone.Build.0 = Release|Any CPU
		{6013532E-0CFA-437B-AC7B-B418321B88A0}.AppStore|iPhoneSimulator.ActiveCfg = Release|Any CPU
		{6013532E-0CFA-437B-AC7B-B418321B88A0}.AppStore|iPhoneSimulator.Build.0 = Release|Any CPU
		{6013532E-0CFA-437B-AC7B-B418321B88A0}.Debug|Any CPU.ActiveCfg = Debug|Any CPU
		{6013532E-0CFA-437B-AC7B-B418321B88A0}.Debug|Any CPU.Build.0 = Debug|Any CPU
		{6013532E-0CFA-437B-AC7B-B418321B88A0}.Debug|iPhone.ActiveCfg = Debug|Any CPU
		{6013532E-0CFA-437B-AC7B-B418321B88A0}.Debug|iPhone.Build.0 = Debug|Any CPU
		{6013532E-0CFA-437B-AC7B-B418321B88A0}.Debug|iPhoneSimulator.ActiveCfg = Debug|Any CPU
		{6013532E-0CFA-437B-AC7B-B418321B88A0}.Debug|iPhoneSimulator.Build.0 = Debug|Any CPU
		{6013532E-0CFA-437B-AC7B-B418321B88A0}.Release|Any CPU.ActiveCfg = Release|Any CPU
		{6013532E-0CFA-437B-AC7B-B418321B88A0}.Release|Any CPU.Build.0 = Release|Any CPU
		{6013532E-0CFA-437B-AC7B-B418321B88A0}.Release|iPhone.ActiveCfg = Release|Any CPU
		{6013532E-0CFA-437B-AC7B-B418321B88A0}.Release|iPhone.Build.0 = Release|Any CPU
		{6013532E-0CFA-437B-AC7B-B418321B88A0}.Release|iPhoneSimulator.ActiveCfg = Release|Any CPU
		{6013532E-0CFA-437B-AC7B-B418321B88A0}.Release|iPhoneSimulator.Build.0 = Release|Any CPU
		{620B1B9D-518D-4E34-9FC4-C2733B6EB106}.Ad-Hoc|Any CPU.ActiveCfg = Release|Any CPU
		{620B1B9D-518D-4E34-9FC4-C2733B6EB106}.Ad-Hoc|Any CPU.Build.0 = Release|Any CPU
		{620B1B9D-518D-4E34-9FC4-C2733B6EB106}.Ad-Hoc|iPhone.ActiveCfg = Release|Any CPU
		{620B1B9D-518D-4E34-9FC4-C2733B6EB106}.Ad-Hoc|iPhone.Build.0 = Release|Any CPU
		{620B1B9D-518D-4E34-9FC4-C2733B6EB106}.Ad-Hoc|iPhoneSimulator.ActiveCfg = Release|Any CPU
		{620B1B9D-518D-4E34-9FC4-C2733B6EB106}.Ad-Hoc|iPhoneSimulator.Build.0 = Release|Any CPU
		{620B1B9D-518D-4E34-9FC4-C2733B6EB106}.AppStore|Any CPU.ActiveCfg = Release|Any CPU
		{620B1B9D-518D-4E34-9FC4-C2733B6EB106}.AppStore|Any CPU.Build.0 = Release|Any CPU
		{620B1B9D-518D-4E34-9FC4-C2733B6EB106}.AppStore|iPhone.ActiveCfg = Release|Any CPU
		{620B1B9D-518D-4E34-9FC4-C2733B6EB106}.AppStore|iPhone.Build.0 = Release|Any CPU
		{620B1B9D-518D-4E34-9FC4-C2733B6EB106}.AppStore|iPhoneSimulator.ActiveCfg = Release|Any CPU
		{620B1B9D-518D-4E34-9FC4-C2733B6EB106}.AppStore|iPhoneSimulator.Build.0 = Release|Any CPU
		{620B1B9D-518D-4E34-9FC4-C2733B6EB106}.Debug|Any CPU.ActiveCfg = Debug|Any CPU
		{620B1B9D-518D-4E34-9FC4-C2733B6EB106}.Debug|Any CPU.Build.0 = Debug|Any CPU
		{620B1B9D-518D-4E34-9FC4-C2733B6EB106}.Debug|iPhone.ActiveCfg = Debug|Any CPU
		{620B1B9D-518D-4E34-9FC4-C2733B6EB106}.Debug|iPhone.Build.0 = Debug|Any CPU
		{620B1B9D-518D-4E34-9FC4-C2733B6EB106}.Debug|iPhoneSimulator.ActiveCfg = Debug|Any CPU
		{620B1B9D-518D-4E34-9FC4-C2733B6EB106}.Debug|iPhoneSimulator.Build.0 = Debug|Any CPU
		{620B1B9D-518D-4E34-9FC4-C2733B6EB106}.Release|Any CPU.ActiveCfg = Release|Any CPU
		{620B1B9D-518D-4E34-9FC4-C2733B6EB106}.Release|Any CPU.Build.0 = Release|Any CPU
		{620B1B9D-518D-4E34-9FC4-C2733B6EB106}.Release|iPhone.ActiveCfg = Release|Any CPU
		{620B1B9D-518D-4E34-9FC4-C2733B6EB106}.Release|iPhone.Build.0 = Release|Any CPU
		{620B1B9D-518D-4E34-9FC4-C2733B6EB106}.Release|iPhoneSimulator.ActiveCfg = Release|Any CPU
		{620B1B9D-518D-4E34-9FC4-C2733B6EB106}.Release|iPhoneSimulator.Build.0 = Release|Any CPU
		{6179323D-960A-445B-AA1E-2A6FA0BCCF27}.Ad-Hoc|Any CPU.ActiveCfg = Release|Any CPU
		{6179323D-960A-445B-AA1E-2A6FA0BCCF27}.Ad-Hoc|Any CPU.Build.0 = Release|Any CPU
		{6179323D-960A-445B-AA1E-2A6FA0BCCF27}.Ad-Hoc|iPhone.ActiveCfg = Release|Any CPU
		{6179323D-960A-445B-AA1E-2A6FA0BCCF27}.Ad-Hoc|iPhone.Build.0 = Release|Any CPU
		{6179323D-960A-445B-AA1E-2A6FA0BCCF27}.Ad-Hoc|iPhoneSimulator.ActiveCfg = Release|Any CPU
		{6179323D-960A-445B-AA1E-2A6FA0BCCF27}.Ad-Hoc|iPhoneSimulator.Build.0 = Release|Any CPU
		{6179323D-960A-445B-AA1E-2A6FA0BCCF27}.AppStore|Any CPU.ActiveCfg = Release|Any CPU
		{6179323D-960A-445B-AA1E-2A6FA0BCCF27}.AppStore|Any CPU.Build.0 = Release|Any CPU
		{6179323D-960A-445B-AA1E-2A6FA0BCCF27}.AppStore|iPhone.ActiveCfg = Release|Any CPU
		{6179323D-960A-445B-AA1E-2A6FA0BCCF27}.AppStore|iPhone.Build.0 = Release|Any CPU
		{6179323D-960A-445B-AA1E-2A6FA0BCCF27}.AppStore|iPhoneSimulator.ActiveCfg = Release|Any CPU
		{6179323D-960A-445B-AA1E-2A6FA0BCCF27}.AppStore|iPhoneSimulator.Build.0 = Release|Any CPU
		{6179323D-960A-445B-AA1E-2A6FA0BCCF27}.Debug|Any CPU.ActiveCfg = Debug|Any CPU
		{6179323D-960A-445B-AA1E-2A6FA0BCCF27}.Debug|Any CPU.Build.0 = Debug|Any CPU
		{6179323D-960A-445B-AA1E-2A6FA0BCCF27}.Debug|iPhone.ActiveCfg = Debug|Any CPU
		{6179323D-960A-445B-AA1E-2A6FA0BCCF27}.Debug|iPhone.Build.0 = Debug|Any CPU
		{6179323D-960A-445B-AA1E-2A6FA0BCCF27}.Debug|iPhoneSimulator.ActiveCfg = Debug|Any CPU
		{6179323D-960A-445B-AA1E-2A6FA0BCCF27}.Debug|iPhoneSimulator.Build.0 = Debug|Any CPU
		{6179323D-960A-445B-AA1E-2A6FA0BCCF27}.Release|Any CPU.ActiveCfg = Release|Any CPU
		{6179323D-960A-445B-AA1E-2A6FA0BCCF27}.Release|Any CPU.Build.0 = Release|Any CPU
		{6179323D-960A-445B-AA1E-2A6FA0BCCF27}.Release|iPhone.ActiveCfg = Release|Any CPU
		{6179323D-960A-445B-AA1E-2A6FA0BCCF27}.Release|iPhone.Build.0 = Release|Any CPU
		{6179323D-960A-445B-AA1E-2A6FA0BCCF27}.Release|iPhoneSimulator.ActiveCfg = Release|Any CPU
		{6179323D-960A-445B-AA1E-2A6FA0BCCF27}.Release|iPhoneSimulator.Build.0 = Release|Any CPU
		{7D62E7C7-E9C1-48F2-8E3B-573F2E7B908F}.Ad-Hoc|Any CPU.ActiveCfg = Release|Any CPU
		{7D62E7C7-E9C1-48F2-8E3B-573F2E7B908F}.Ad-Hoc|Any CPU.Build.0 = Release|Any CPU
		{7D62E7C7-E9C1-48F2-8E3B-573F2E7B908F}.Ad-Hoc|iPhone.ActiveCfg = Release|Any CPU
		{7D62E7C7-E9C1-48F2-8E3B-573F2E7B908F}.Ad-Hoc|iPhone.Build.0 = Release|Any CPU
		{7D62E7C7-E9C1-48F2-8E3B-573F2E7B908F}.Ad-Hoc|iPhoneSimulator.ActiveCfg = Release|Any CPU
		{7D62E7C7-E9C1-48F2-8E3B-573F2E7B908F}.Ad-Hoc|iPhoneSimulator.Build.0 = Release|Any CPU
		{7D62E7C7-E9C1-48F2-8E3B-573F2E7B908F}.AppStore|Any CPU.ActiveCfg = Release|Any CPU
		{7D62E7C7-E9C1-48F2-8E3B-573F2E7B908F}.AppStore|Any CPU.Build.0 = Release|Any CPU
		{7D62E7C7-E9C1-48F2-8E3B-573F2E7B908F}.AppStore|iPhone.ActiveCfg = Release|Any CPU
		{7D62E7C7-E9C1-48F2-8E3B-573F2E7B908F}.AppStore|iPhone.Build.0 = Release|Any CPU
		{7D62E7C7-E9C1-48F2-8E3B-573F2E7B908F}.AppStore|iPhoneSimulator.ActiveCfg = Release|Any CPU
		{7D62E7C7-E9C1-48F2-8E3B-573F2E7B908F}.AppStore|iPhoneSimulator.Build.0 = Release|Any CPU
		{7D62E7C7-E9C1-48F2-8E3B-573F2E7B908F}.Debug|Any CPU.ActiveCfg = Debug|Any CPU
		{7D62E7C7-E9C1-48F2-8E3B-573F2E7B908F}.Debug|Any CPU.Build.0 = Debug|Any CPU
		{7D62E7C7-E9C1-48F2-8E3B-573F2E7B908F}.Debug|iPhone.ActiveCfg = Debug|Any CPU
		{7D62E7C7-E9C1-48F2-8E3B-573F2E7B908F}.Debug|iPhone.Build.0 = Debug|Any CPU
		{7D62E7C7-E9C1-48F2-8E3B-573F2E7B908F}.Debug|iPhoneSimulator.ActiveCfg = Debug|Any CPU
		{7D62E7C7-E9C1-48F2-8E3B-573F2E7B908F}.Debug|iPhoneSimulator.Build.0 = Debug|Any CPU
		{7D62E7C7-E9C1-48F2-8E3B-573F2E7B908F}.Release|Any CPU.ActiveCfg = Release|Any CPU
		{7D62E7C7-E9C1-48F2-8E3B-573F2E7B908F}.Release|Any CPU.Build.0 = Release|Any CPU
		{7D62E7C7-E9C1-48F2-8E3B-573F2E7B908F}.Release|iPhone.ActiveCfg = Release|Any CPU
		{7D62E7C7-E9C1-48F2-8E3B-573F2E7B908F}.Release|iPhone.Build.0 = Release|Any CPU
		{7D62E7C7-E9C1-48F2-8E3B-573F2E7B908F}.Release|iPhoneSimulator.ActiveCfg = Release|Any CPU
		{7D62E7C7-E9C1-48F2-8E3B-573F2E7B908F}.Release|iPhoneSimulator.Build.0 = Release|Any CPU
	EndGlobalSection
	GlobalSection(SolutionProperties) = preSolution
		HideSolutionNode = FALSE
	EndGlobalSection
	GlobalSection(ExtensibilityGlobals) = postSolution
		SolutionGuid = {2BD8D590-1D7A-4BB3-B398-FD5B70241759}
	EndGlobalSection
EndGlobal
